Microsoft Visual Studio Solution File, Format Version 12.00
# Visual Studio Version 17
VisualStudioVersion = 17.5.2.0
MinimumVisualStudioVersion = 10.0.40219.1
Project("{FAE04EC0-301F-11D3-BF4B-00C04F79EFBC}") = "dndApp", "dndApp\dndApp.csproj", "{B2BC6922-C1E2-8925-378D-BFFAB9E40679}"
EndProject
Project("{FAE04EC0-301F-11D3-BF4B-00C04F79EFBC}") = "dndAppTester", "dndAppTester\dndAppTester.csproj", "{CC93950B-7C38-FE85-ABC4-94611EB3DE82}"
EndProject
Global
	GlobalSection(SolutionConfigurationPlatforms) = preSolution
		Debug|Any CPU = Debug|Any CPU
		Release|Any CPU = Release|Any CPU
	EndGlobalSection
	GlobalSection(ProjectConfigurationPlatforms) = postSolution
		{B2BC6922-C1E2-8925-378D-BFFAB9E40679}.Debug|Any CPU.ActiveCfg = Debug|Any CPU
		{B2BC6922-C1E2-8925-378D-BFFAB9E40679}.Debug|Any CPU.Build.0 = Debug|Any CPU
		{B2BC6922-C1E2-8925-378D-BFFAB9E40679}.Release|Any CPU.ActiveCfg = Release|Any CPU
		{B2BC6922-C1E2-8925-378D-BFFAB9E40679}.Release|Any CPU.Build.0 = Release|Any CPU
		{CC93950B-7C38-FE85-ABC4-94611EB3DE82}.Debug|Any CPU.ActiveCfg = Debug|Any CPU
		{CC93950B-7C38-FE85-ABC4-94611EB3DE82}.Debug|Any CPU.Build.0 = Debug|Any CPU
		{CC93950B-7C38-FE85-ABC4-94611EB3DE82}.Release|Any CPU.ActiveCfg = Release|Any CPU
		{CC93950B-7C38-FE85-ABC4-94611EB3DE82}.Release|Any CPU.Build.0 = Release|Any CPU
	EndGlobalSection
	GlobalSection(SolutionProperties) = preSolution
		HideSolutionNode = FALSE
	EndGlobalSection
	GlobalSection(ExtensibilityGlobals) = postSolution
		SolutionGuid = {E866981A-83B1-44C8-88BB-9CE3A1FB5484}
	EndGlobalSection
EndGlobal
